// !$*UTF8*$!
{
	archiveVersion = 1;
	classes = {
	};
	objectVersion = 51;
	objects = {

/* Begin PBXBuildFile section */
		47B1EE52A015836FF5C58EB3 /* Pods_Github_Action.framework in Frameworks */ = {isa = PBXBuildFile; fileRef = 6210717F2A08F09F783C5677 /* Pods_Github_Action.framework */; };
		8918C2092424A13300C71DE6 /* ContentView.swift in Sources */ = {isa = PBXBuildFile; fileRef = 8918C2062424A13300C71DE6 /* ContentView.swift */; };
		8918C20A2424A13300C71DE6 /* SceneDelegate.swift in Sources */ = {isa = PBXBuildFile; fileRef = 8918C2072424A13300C71DE6 /* SceneDelegate.swift */; };
		8918C20B2424A13300C71DE6 /* AppDelegate.swift in Sources */ = {isa = PBXBuildFile; fileRef = 8918C2082424A13300C71DE6 /* AppDelegate.swift */; };
		8918C20E2424A18200C71DE6 /* LaunchScreen.storyboard in Resources */ = {isa = PBXBuildFile; fileRef = 8918C20C2424A18200C71DE6 /* LaunchScreen.storyboard */; };
		8970316E24249E4F00860B9A /* Assets.xcassets in Resources */ = {isa = PBXBuildFile; fileRef = 8970316D24249E4E00860B9A /* Assets.xcassets */; };
/* End PBXBuildFile section */

/* Begin PBXFileReference section */
		34025DB060DC9FD9866577D0 /* Pods-Github-Action.debug.xcconfig */ = {isa = PBXFileReference; includeInIndex = 1; lastKnownFileType = text.xcconfig; name = "Pods-Github-Action.debug.xcconfig"; path = "Target Support Files/Pods-Github-Action/Pods-Github-Action.debug.xcconfig"; sourceTree = "<group>"; };
		40753E1232C2AC48EF621BD2 /* Pods-Github-Action.release.xcconfig */ = {isa = PBXFileReference; includeInIndex = 1; lastKnownFileType = text.xcconfig; name = "Pods-Github-Action.release.xcconfig"; path = "Target Support Files/Pods-Github-Action/Pods-Github-Action.release.xcconfig"; sourceTree = "<group>"; };
		6210717F2A08F09F783C5677 /* Pods_Github_Action.framework */ = {isa = PBXFileReference; explicitFileType = wrapper.framework; includeInIndex = 0; path = Pods_Github_Action.framework; sourceTree = BUILT_PRODUCTS_DIR; };
		79CC08992407EFF200503F5D /* Github-Action.app */ = {isa = PBXFileReference; explicitFileType = wrapper.application; includeInIndex = 0; path = "Github-Action.app"; sourceTree = BUILT_PRODUCTS_DIR; };
		79CC08AA2407EFF400503F5D /* Info.plist */ = {isa = PBXFileReference; lastKnownFileType = text.plist.xml; path = Info.plist; sourceTree = "<group>"; };
		8918C2062424A13300C71DE6 /* ContentView.swift */ = {isa = PBXFileReference; fileEncoding = 4; lastKnownFileType = sourcecode.swift; path = ContentView.swift; sourceTree = SOURCE_ROOT; };
		8918C2072424A13300C71DE6 /* SceneDelegate.swift */ = {isa = PBXFileReference; fileEncoding = 4; lastKnownFileType = sourcecode.swift; path = SceneDelegate.swift; sourceTree = SOURCE_ROOT; };
		8918C2082424A13300C71DE6 /* AppDelegate.swift */ = {isa = PBXFileReference; fileEncoding = 4; lastKnownFileType = sourcecode.swift; path = AppDelegate.swift; sourceTree = SOURCE_ROOT; };
		8918C20D2424A18200C71DE6 /* Base */ = {isa = PBXFileReference; lastKnownFileType = file.storyboard; name = Base; path = Base.lproj/LaunchScreen.storyboard; sourceTree = SOURCE_ROOT; };
		8970316D24249E4E00860B9A /* Assets.xcassets */ = {isa = PBXFileReference; lastKnownFileType = folder.assetcatalog; path = Assets.xcassets; sourceTree = SOURCE_ROOT; };
/* End PBXFileReference section */

/* Begin PBXFrameworksBuildPhase section */
		79CC08962407EFF200503F5D /* Frameworks */ = {
			isa = PBXFrameworksBuildPhase;
			buildActionMask = 2147483647;
			files = (
				47B1EE52A015836FF5C58EB3 /* Pods_Github_Action.framework in Frameworks */,
			);
			runOnlyForDeploymentPostprocessing = 0;
		};
/* End PBXFrameworksBuildPhase section */

/* Begin PBXGroup section */
		098C0CC1AC88AD2182368A46 /* Frameworks */ = {
			isa = PBXGroup;
			children = (
				6210717F2A08F09F783C5677 /* Pods_Github_Action.framework */,
			);
			name = Frameworks;
			sourceTree = "<group>";
		};
		56D0EDE8FFF04B8497C739AC /* Pods */ = {
			isa = PBXGroup;
			children = (
				34025DB060DC9FD9866577D0 /* Pods-Github-Action.debug.xcconfig */,
				40753E1232C2AC48EF621BD2 /* Pods-Github-Action.release.xcconfig */,
			);
			path = Pods;
			sourceTree = "<group>";
		};
		79CC08902407EFF100503F5D = {
			isa = PBXGroup;
			children = (
				79CC089B2407EFF200503F5D /* Github-Action */,
				79CC089A2407EFF200503F5D /* Products */,
				56D0EDE8FFF04B8497C739AC /* Pods */,
				098C0CC1AC88AD2182368A46 /* Frameworks */,
			);
			sourceTree = "<group>";
		};
		79CC089A2407EFF200503F5D /* Products */ = {
			isa = PBXGroup;
			children = (
				79CC08992407EFF200503F5D /* Github-Action.app */,
			);
			name = Products;
			sourceTree = "<group>";
		};
		79CC089B2407EFF200503F5D /* Github-Action */ = {
			isa = PBXGroup;
			children = (
				8918C20C2424A18200C71DE6 /* LaunchScreen.storyboard */,
				8918C2082424A13300C71DE6 /* AppDelegate.swift */,
				8918C2062424A13300C71DE6 /* ContentView.swift */,
				8918C2072424A13300C71DE6 /* SceneDelegate.swift */,
				8970316D24249E4E00860B9A /* Assets.xcassets */,
				79CC08AA2407EFF400503F5D /* Info.plist */,
			);
			path = "Github-Action";
			sourceTree = "<group>";
		};
/* End PBXGroup section */

/* Begin PBXNativeTarget section */
		79CC08982407EFF200503F5D /* Github-Action */ = {
			isa = PBXNativeTarget;
			buildConfigurationList = 79CC08AD2407EFF400503F5D /* Build configuration list for PBXNativeTarget "Github-Action" */;
			buildPhases = (
				253A4BABBC4F567DEA3A9421 /* [CP] Check Pods Manifest.lock */,
				79CC08952407EFF200503F5D /* Sources */,
				79CC08962407EFF200503F5D /* Frameworks */,
				79CC08972407EFF200503F5D /* Resources */,
				21059B7937CFAE95EEF4C4B9 /* [CP] Embed Pods Frameworks */,
			);
			buildRules = (
			);
			dependencies = (
			);
			name = "Github-Action";
			productName = "Github-Action";
			productReference = 79CC08992407EFF200503F5D /* Github-Action.app */;
			productType = "com.apple.product-type.application";
		};
/* End PBXNativeTarget section */

/* Begin PBXProject section */
		79CC08912407EFF100503F5D /* Project object */ = {
			isa = PBXProject;
			attributes = {
				LastSwiftUpdateCheck = 1130;
				LastUpgradeCheck = 1130;
				ORGANIZATIONNAME = "Navjot Bedi";
				TargetAttributes = {
					79CC08982407EFF200503F5D = {
						CreatedOnToolsVersion = 11.3.1;
						LastSwiftMigration = 1110;
					};
				};
			};
			buildConfigurationList = 79CC08942407EFF100503F5D /* Build configuration list for PBXProject "Github-Action" */;
			compatibilityVersion = "Xcode 9.3";
			developmentRegion = en;
			hasScannedForEncodings = 0;
			knownRegions = (
				en,
				Base,
			);
			mainGroup = 79CC08902407EFF100503F5D;
			productRefGroup = 79CC089A2407EFF200503F5D /* Products */;
			projectDirPath = "";
			projectRoot = "";
			targets = (
				79CC08982407EFF200503F5D /* Github-Action */,
			);
		};
/* End PBXProject section */

/* Begin PBXResourcesBuildPhase section */
		79CC08972407EFF200503F5D /* Resources */ = {
			isa = PBXResourcesBuildPhase;
			buildActionMask = 2147483647;
			files = (
				8970316E24249E4F00860B9A /* Assets.xcassets in Resources */,
				8918C20E2424A18200C71DE6 /* LaunchScreen.storyboard in Resources */,
			);
			runOnlyForDeploymentPostprocessing = 0;
		};
/* End PBXResourcesBuildPhase section */

/* Begin PBXShellScriptBuildPhase section */
		21059B7937CFAE95EEF4C4B9 /* [CP] Embed Pods Frameworks */ = {
			isa = PBXShellScriptBuildPhase;
			buildActionMask = 2147483647;
			files = (
			);
			inputFileListPaths = (
				"${PODS_ROOT}/Target Support Files/Pods-Github-Action/Pods-Github-Action-frameworks-${CONFIGURATION}-input-files.xcfilelist",
			);
			name = "[CP] Embed Pods Frameworks";
			outputFileListPaths = (
				"${PODS_ROOT}/Target Support Files/Pods-Github-Action/Pods-Github-Action-frameworks-${CONFIGURATION}-output-files.xcfilelist",
			);
			runOnlyForDeploymentPostprocessing = 0;
			shellPath = /bin/sh;
			shellScript = "\"${PODS_ROOT}/Target Support Files/Pods-Github-Action/Pods-Github-Action-frameworks.sh\"\n";
			showEnvVarsInLog = 0;
		};
		253A4BABBC4F567DEA3A9421 /* [CP] Check Pods Manifest.lock */ = {
			isa = PBXShellScriptBuildPhase;
			buildActionMask = 2147483647;
			files = (
			);
			inputFileListPaths = (
			);
			inputPaths = (
				"${PODS_PODFILE_DIR_PATH}/Podfile.lock",
				"${PODS_ROOT}/Manifest.lock",
			);
			name = "[CP] Check Pods Manifest.lock";
			outputFileListPaths = (
			);
			outputPaths = (
				"$(DERIVED_FILE_DIR)/Pods-Github-Action-checkManifestLockResult.txt",
			);
			runOnlyForDeploymentPostprocessing = 0;
			shellPath = /bin/sh;
			shellScript = "diff \"${PODS_PODFILE_DIR_PATH}/Podfile.lock\" \"${PODS_ROOT}/Manifest.lock\" > /dev/null\nif [ $? != 0 ] ; then\n    # print error to STDERR\n    echo \"error: The sandbox is not in sync with the Podfile.lock. Run 'pod install' or update your CocoaPods installation.\" >&2\n    exit 1\nfi\n# This output is used by Xcode 'outputs' to avoid re-running this script phase.\necho \"SUCCESS\" > \"${SCRIPT_OUTPUT_FILE_0}\"\n";
			showEnvVarsInLog = 0;
		};
/* End PBXShellScriptBuildPhase section */

/* Begin PBXSourcesBuildPhase section */
		79CC08952407EFF200503F5D /* Sources */ = {
			isa = PBXSourcesBuildPhase;
			buildActionMask = 2147483647;
			files = (
				8918C20B2424A13300C71DE6 /* AppDelegate.swift in Sources */,
				8918C2092424A13300C71DE6 /* ContentView.swift in Sources */,
				8918C20A2424A13300C71DE6 /* SceneDelegate.swift in Sources */,
			);
			runOnlyForDeploymentPostprocessing = 0;
		};
/* End PBXSourcesBuildPhase section */

/* Begin PBXVariantGroup section */
		8918C20C2424A18200C71DE6 /* LaunchScreen.storyboard */ = {
			isa = PBXVariantGroup;
			children = (
				8918C20D2424A18200C71DE6 /* Base */,
			);
			name = LaunchScreen.storyboard;
			sourceTree = "<group>";
		};
/* End PBXVariantGroup section */

/* Begin XCBuildConfiguration section */
		79CC08AB2407EFF400503F5D /* Debug */ = {
			isa = XCBuildConfiguration;
			buildSettings = {
				ALWAYS_SEARCH_USER_PATHS = NO;
				CLANG_ANALYZER_NONNULL = YES;
				CLANG_ANALYZER_NUMBER_OBJECT_CONVERSION = YES_AGGRESSIVE;
				CLANG_CXX_LANGUAGE_STANDARD = "gnu++14";
				CLANG_CXX_LIBRARY = "libc++";
				CLANG_ENABLE_MODULES = YES;
				CLANG_ENABLE_OBJC_ARC = YES;
				CLANG_ENABLE_OBJC_WEAK = YES;
				CLANG_WARN_BLOCK_CAPTURE_AUTORELEASING = YES;
				CLANG_WARN_BOOL_CONVERSION = YES;
				CLANG_WARN_COMMA = YES;
				CLANG_WARN_CONSTANT_CONVERSION = YES;
				CLANG_WARN_DEPRECATED_OBJC_IMPLEMENTATIONS = YES;
				CLANG_WARN_DIRECT_OBJC_ISA_USAGE = YES_ERROR;
				CLANG_WARN_DOCUMENTATION_COMMENTS = YES;
				CLANG_WARN_EMPTY_BODY = YES;
				CLANG_WARN_ENUM_CONVERSION = YES;
				CLANG_WARN_INFINITE_RECURSION = YES;
				CLANG_WARN_INT_CONVERSION = YES;
				CLANG_WARN_NON_LITERAL_NULL_CONVERSION = YES;
				CLANG_WARN_OBJC_IMPLICIT_RETAIN_SELF = YES;
				CLANG_WARN_OBJC_LITERAL_CONVERSION = YES;
				CLANG_WARN_OBJC_ROOT_CLASS = YES_ERROR;
				CLANG_WARN_RANGE_LOOP_ANALYSIS = YES;
				CLANG_WARN_STRICT_PROTOTYPES = YES;
				CLANG_WARN_SUSPICIOUS_MOVE = YES;
				CLANG_WARN_UNGUARDED_AVAILABILITY = YES_AGGRESSIVE;
				CLANG_WARN_UNREACHABLE_CODE = YES;
				CLANG_WARN__DUPLICATE_METHOD_MATCH = YES;
				COPY_PHASE_STRIP = NO;
				DEBUG_INFORMATION_FORMAT = dwarf;
				ENABLE_STRICT_OBJC_MSGSEND = YES;
				ENABLE_TESTABILITY = YES;
				GCC_C_LANGUAGE_STANDARD = gnu11;
				GCC_DYNAMIC_NO_PIC = NO;
				GCC_NO_COMMON_BLOCKS = YES;
				GCC_OPTIMIZATION_LEVEL = 0;
				GCC_PREPROCESSOR_DEFINITIONS = (
					"DEBUG=1",
					"$(inherited)",
				);
				GCC_WARN_64_TO_32_BIT_CONVERSION = YES;
				GCC_WARN_ABOUT_RETURN_TYPE = YES_ERROR;
				GCC_WARN_UNDECLARED_SELECTOR = YES;
				GCC_WARN_UNINITIALIZED_AUTOS = YES_AGGRESSIVE;
				GCC_WARN_UNUSED_FUNCTION = YES;
				GCC_WARN_UNUSED_VARIABLE = YES;
				IPHONEOS_DEPLOYMENT_TARGET = 13.2;
				MTL_ENABLE_DEBUG_INFO = INCLUDE_SOURCE;
				MTL_FAST_MATH = YES;
				ONLY_ACTIVE_ARCH = YES;
				SDKROOT = iphoneos;
				SWIFT_ACTIVE_COMPILATION_CONDITIONS = DEBUG;
				SWIFT_OPTIMIZATION_LEVEL = "-Onone";
			};
			name = Debug;
		};
		79CC08AC2407EFF400503F5D /* Release */ = {
			isa = XCBuildConfiguration;
			buildSettings = {
				ALWAYS_SEARCH_USER_PATHS = NO;
				CLANG_ANALYZER_NONNULL = YES;
				CLANG_ANALYZER_NUMBER_OBJECT_CONVERSION = YES_AGGRESSIVE;
				CLANG_CXX_LANGUAGE_STANDARD = "gnu++14";
				CLANG_CXX_LIBRARY = "libc++";
				CLANG_ENABLE_MODULES = YES;
				CLANG_ENABLE_OBJC_ARC = YES;
				CLANG_ENABLE_OBJC_WEAK = YES;
				CLANG_WARN_BLOCK_CAPTURE_AUTORELEASING = YES;
				CLANG_WARN_BOOL_CONVERSION = YES;
				CLANG_WARN_COMMA = YES;
				CLANG_WARN_CONSTANT_CONVERSION = YES;
				CLANG_WARN_DEPRECATED_OBJC_IMPLEMENTATIONS = YES;
				CLANG_WARN_DIRECT_OBJC_ISA_USAGE = YES_ERROR;
				CLANG_WARN_DOCUMENTATION_COMMENTS = YES;
				CLANG_WARN_EMPTY_BODY = YES;
				CLANG_WARN_ENUM_CONVERSION = YES;
				CLANG_WARN_INFINITE_RECURSION = YES;
				CLANG_WARN_INT_CONVERSION = YES;
				CLANG_WARN_NON_LITERAL_NULL_CONVERSION = YES;
				CLANG_WARN_OBJC_IMPLICIT_RETAIN_SELF = YES;
				CLANG_WARN_OBJC_LITERAL_CONVERSION = YES;
				CLANG_WARN_OBJC_ROOT_CLASS = YES_ERROR;
				CLANG_WARN_RANGE_LOOP_ANALYSIS = YES;
				CLANG_WARN_STRICT_PROTOTYPES = YES;
				CLANG_WARN_SUSPICIOUS_MOVE = YES;
				CLANG_WARN_UNGUARDED_AVAILABILITY = YES_AGGRESSIVE;
				CLANG_WARN_UNREACHABLE_CODE = YES;
				CLANG_WARN__DUPLICATE_METHOD_MATCH = YES;
				COPY_PHASE_STRIP = NO;
				DEBUG_INFORMATION_FORMAT = "dwarf-with-dsym";
				ENABLE_NS_ASSERTIONS = NO;
				ENABLE_STRICT_OBJC_MSGSEND = YES;
				GCC_C_LANGUAGE_STANDARD = gnu11;
				GCC_NO_COMMON_BLOCKS = YES;
				GCC_WARN_64_TO_32_BIT_CONVERSION = YES;
				GCC_WARN_ABOUT_RETURN_TYPE = YES_ERROR;
				GCC_WARN_UNDECLARED_SELECTOR = YES;
				GCC_WARN_UNINITIALIZED_AUTOS = YES_AGGRESSIVE;
				GCC_WARN_UNUSED_FUNCTION = YES;
				GCC_WARN_UNUSED_VARIABLE = YES;
				IPHONEOS_DEPLOYMENT_TARGET = 13.2;
				MTL_ENABLE_DEBUG_INFO = NO;
				MTL_FAST_MATH = YES;
				SDKROOT = iphoneos;
				SWIFT_COMPILATION_MODE = wholemodule;
				SWIFT_OPTIMIZATION_LEVEL = "-O";
				VALIDATE_PRODUCT = YES;
			};
			name = Release;
		};
		79CC08AE2407EFF400503F5D /* Debug */ = {
			isa = XCBuildConfiguration;
			baseConfigurationReference = 34025DB060DC9FD9866577D0 /* Pods-Github-Action.debug.xcconfig */;
			buildSettings = {
				ASSETCATALOG_COMPILER_APPICON_NAME = "AppIcon-2";
				CLANG_ENABLE_MODULES = YES;
				CODE_SIGN_IDENTITY = "Apple Development";
				CODE_SIGN_STYLE = Automatic;
				DEVELOPMENT_ASSET_PATHS = Assets.xcassets;
				DEVELOPMENT_TEAM = AJY8K888F2;
				ENABLE_PREVIEWS = YES;
				INFOPLIST_FILE = "$(SRCROOT)/Info.plist";
				IPHONEOS_DEPLOYMENT_TARGET = 13.0;
				LD_RUNPATH_SEARCH_PATHS = (
					"$(inherited)",
					"@executable_path/Frameworks",
				);
				PRODUCT_BUNDLE_IDENTIFIER = "GroudTruth.Github-Action";
				PRODUCT_NAME = "$(TARGET_NAME)";
				PROVISIONING_PROFILE_SPECIFIER = "";
				SWIFT_OPTIMIZATION_LEVEL = "-Onone";
				SWIFT_VERSION = 5.0;
				TARGETED_DEVICE_FAMILY = "1,2";
			};
			name = Debug;
		};
		79CC08AF2407EFF400503F5D /* Release */ = {
			isa = XCBuildConfiguration;
			baseConfigurationReference = 40753E1232C2AC48EF621BD2 /* Pods-Github-Action.release.xcconfig */;
			buildSettings = {
				ASSETCATALOG_COMPILER_APPICON_NAME = "AppIcon-2";
				CLANG_ENABLE_MODULES = YES;
				CODE_SIGN_IDENTITY = "Apple Development";
				CODE_SIGN_STYLE = Automatic;
				DEVELOPMENT_ASSET_PATHS = Assets.xcassets;
				DEVELOPMENT_TEAM = AJY8K888F2;
				ENABLE_PREVIEWS = YES;
				INFOPLIST_FILE = "$(SRCROOT)/Info.plist";
				IPHONEOS_DEPLOYMENT_TARGET = 13.0;
				LD_RUNPATH_SEARCH_PATHS = (
					"$(inherited)",
					"@executable_path/Frameworks",
				);
				PRODUCT_BUNDLE_IDENTIFIER = "GroudTruth.Github-Action";
				PRODUCT_NAME = "$(TARGET_NAME)";
				PROVISIONING_PROFILE_SPECIFIER = "";
				SWIFT_VERSION = 5.0;
				TARGETED_DEVICE_FAMILY = "1,2";
			};
			name = Release;
		};
/* End XCBuildConfiguration section */

/* Begin XCConfigurationList section */
		79CC08942407EFF100503F5D /* Build configuration list for PBXProject "Github-Action" */ = {
			isa = XCConfigurationList;
			buildConfigurations = (
				79CC08AB2407EFF400503F5D /* Debug */,
				79CC08AC2407EFF400503F5D /* Release */,
			);
			defaultConfigurationIsVisible = 0;
			defaultConfigurationName = Release;
		};
		79CC08AD2407EFF400503F5D /* Build configuration list for PBXNativeTarget "Github-Action" */ = {
			isa = XCConfigurationList;
			buildConfigurations = (
				79CC08AE2407EFF400503F5D /* Debug */,
				79CC08AF2407EFF400503F5D /* Release */,
			);
			defaultConfigurationIsVisible = 0;
			defaultConfigurationName = Release;
		};
/* End XCConfigurationList section */
	};
	rootObject = 79CC08912407EFF100503F5D /* Project object */;
}
